
Microsoft Visual Studio Solution File, Format Version 12.00
# Visual Studio Version 17
VisualStudioVersion = 17.13.35507.96
MinimumVisualStudioVersion = 10.0.40219.1
Project("{FAE04EC0-301F-11D3-BF4B-00C04F79EFBC}") = "com.democratia.view", "com.democratia.view\com.democratia.view.csproj", "{C84BCBBB-43B6-47EF-A8DC-DB3A80FE040B}"
EndProject
Project("{FAE04EC0-301F-11D3-BF4B-00C04F79EFBC}") = "com.democratia.test", "com.democratia.Test\com.democratia.test.csproj", "{43FF50B0-F7D8-4DE4-8B11-0139C76004C5}"
EndProject
Project("{FAE04EC0-301F-11D3-BF4B-00C04F79EFBC}") = "com.democratia.core", "com.democratia.core\com.democratia.core.csproj", "{E793CF71-D11B-4FD7-9E44-91D4F74706B8}"
EndProject
Project("{FAE04EC0-301F-11D3-BF4B-00C04F79EFBC}") = "UITests.Shared", "com.democratia.mauiTest\UITests.Shared\UITests.Shared.csproj", "{5EA48843-A8FD-404D-B7C8-7CE9BBB857DC}"
EndProject
Project("{FAE04EC0-301F-11D3-BF4B-00C04F79EFBC}") = "UITests.Android", "com.democratia.mauiTest\UITests.Android\UITests.Android.csproj", "{3C66ACB2-44A0-46C9-97A8-0F63CB5CD2B8}"
EndProject
Project("{FAE04EC0-301F-11D3-BF4B-00C04F79EFBC}") = "UITests.iOS", "com.democratia.mauiTest\UITests.iOS\UITests.iOS.csproj", "{4A7D8184-03B2-47B2-A8E7-7DD41ED28A6A}"
EndProject
Project("{FAE04EC0-301F-11D3-BF4B-00C04F79EFBC}") = "UITests.macOS", "com.democratia.mauiTest\UITests.macOS\UITests.macOS.csproj", "{6BFDFC58-363A-41D2-B2EF-671B620D6C1E}"
EndProject
Project("{FAE04EC0-301F-11D3-BF4B-00C04F79EFBC}") = "UITests.Windows", "com.democratia.mauiTest\UITests.Windows\UITests.Windows.csproj", "{6EEF8365-AA81-4344-86EF-A1BB5ABAE088}"
EndProject
Global
	GlobalSection(SolutionConfigurationPlatforms) = preSolution
		Debug|Any CPU = Debug|Any CPU
		Release|Any CPU = Release|Any CPU
	EndGlobalSection
	GlobalSection(ProjectConfigurationPlatforms) = postSolution
		{C84BCBBB-43B6-47EF-A8DC-DB3A80FE040B}.Debug|Any CPU.ActiveCfg = Debug|Any CPU
		{C84BCBBB-43B6-47EF-A8DC-DB3A80FE040B}.Debug|Any CPU.Build.0 = Debug|Any CPU
		{C84BCBBB-43B6-47EF-A8DC-DB3A80FE040B}.Debug|Any CPU.Deploy.0 = Debug|Any CPU
		{C84BCBBB-43B6-47EF-A8DC-DB3A80FE040B}.Release|Any CPU.ActiveCfg = Release|Any CPU
		{C84BCBBB-43B6-47EF-A8DC-DB3A80FE040B}.Release|Any CPU.Build.0 = Release|Any CPU
		{C84BCBBB-43B6-47EF-A8DC-DB3A80FE040B}.Release|Any CPU.Deploy.0 = Release|Any CPU
		{43FF50B0-F7D8-4DE4-8B11-0139C76004C5}.Debug|Any CPU.ActiveCfg = Debug|Any CPU
		{43FF50B0-F7D8-4DE4-8B11-0139C76004C5}.Debug|Any CPU.Build.0 = Debug|Any CPU
		{43FF50B0-F7D8-4DE4-8B11-0139C76004C5}.Release|Any CPU.ActiveCfg = Release|Any CPU
		{43FF50B0-F7D8-4DE4-8B11-0139C76004C5}.Release|Any CPU.Build.0 = Release|Any CPU
		{E793CF71-D11B-4FD7-9E44-91D4F74706B8}.Debug|Any CPU.ActiveCfg = Debug|Any CPU
		{E793CF71-D11B-4FD7-9E44-91D4F74706B8}.Debug|Any CPU.Build.0 = Debug|Any CPU
		{E793CF71-D11B-4FD7-9E44-91D4F74706B8}.Release|Any CPU.ActiveCfg = Release|Any CPU
		{E793CF71-D11B-4FD7-9E44-91D4F74706B8}.Release|Any CPU.Build.0 = Release|Any CPU
		{5EA48843-A8FD-404D-B7C8-7CE9BBB857DC}.Debug|Any CPU.ActiveCfg = Debug|Any CPU
		{5EA48843-A8FD-404D-B7C8-7CE9BBB857DC}.Debug|Any CPU.Build.0 = Debug|Any CPU
		{5EA48843-A8FD-404D-B7C8-7CE9BBB857DC}.Release|Any CPU.ActiveCfg = Release|Any CPU
		{5EA48843-A8FD-404D-B7C8-7CE9BBB857DC}.Release|Any CPU.Build.0 = Release|Any CPU
		{3C66ACB2-44A0-46C9-97A8-0F63CB5CD2B8}.Debug|Any CPU.ActiveCfg = Debug|Any CPU
		{3C66ACB2-44A0-46C9-97A8-0F63CB5CD2B8}.Debug|Any CPU.Build.0 = Debug|Any CPU
		{3C66ACB2-44A0-46C9-97A8-0F63CB5CD2B8}.Release|Any CPU.ActiveCfg = Release|Any CPU
		{3C66ACB2-44A0-46C9-97A8-0F63CB5CD2B8}.Release|Any CPU.Build.0 = Release|Any CPU
		{4A7D8184-03B2-47B2-A8E7-7DD41ED28A6A}.Debug|Any CPU.ActiveCfg = Debug|Any CPU
		{4A7D8184-03B2-47B2-A8E7-7DD41ED28A6A}.Debug|Any CPU.Build.0 = Debug|Any CPU
		{4A7D8184-03B2-47B2-A8E7-7DD41ED28A6A}.Release|Any CPU.ActiveCfg = Release|Any CPU
		{4A7D8184-03B2-47B2-A8E7-7DD41ED28A6A}.Release|Any CPU.Build.0 = Release|Any CPU
		{6BFDFC58-363A-41D2-B2EF-671B620D6C1E}.Debug|Any CPU.ActiveCfg = Debug|Any CPU
		{6BFDFC58-363A-41D2-B2EF-671B620D6C1E}.Debug|Any CPU.Build.0 = Debug|Any CPU
		{6BFDFC58-363A-41D2-B2EF-671B620D6C1E}.Release|Any CPU.ActiveCfg = Release|Any CPU
		{6BFDFC58-363A-41D2-B2EF-671B620D6C1E}.Release|Any CPU.Build.0 = Release|Any CPU
		{6EEF8365-AA81-4344-86EF-A1BB5ABAE088}.Debug|Any CPU.ActiveCfg = Debug|Any CPU
		{6EEF8365-AA81-4344-86EF-A1BB5ABAE088}.Debug|Any CPU.Build.0 = Debug|Any CPU
		{6EEF8365-AA81-4344-86EF-A1BB5ABAE088}.Release|Any CPU.ActiveCfg = Release|Any CPU
		{6EEF8365-AA81-4344-86EF-A1BB5ABAE088}.Release|Any CPU.Build.0 = Release|Any CPU
	EndGlobalSection
	GlobalSection(SolutionProperties) = preSolution
		HideSolutionNode = FALSE
	EndGlobalSection
	GlobalSection(ExtensibilityGlobals) = postSolution
		SolutionGuid = {E5338B36-555A-4848-AE6F-B629E3C0D1C1}
	EndGlobalSection
EndGlobal
